// !$*UTF8*$!
{
	archiveVersion = 1;
	classes = {
	};
	objectVersion = 46;
	objects = {

/* Begin PBXBuildFile section */
		569B87171F7AB718006CF202 /* AppDelegate.swift in Sources */ = {isa = PBXBuildFile; fileRef = 569B87161F7AB718006CF202 /* AppDelegate.swift */; };
		569B87191F7AB718006CF202 /* ViewController.swift in Sources */ = {isa = PBXBuildFile; fileRef = 569B87181F7AB718006CF202 /* ViewController.swift */; };
		569B871C1F7AB718006CF202 /* Main.storyboard in Resources */ = {isa = PBXBuildFile; fileRef = 569B871A1F7AB718006CF202 /* Main.storyboard */; };
		569B871E1F7AB718006CF202 /* Assets.xcassets in Resources */ = {isa = PBXBuildFile; fileRef = 569B871D1F7AB718006CF202 /* Assets.xcassets */; };
		569B87211F7AB718006CF202 /* LaunchScreen.storyboard in Resources */ = {isa = PBXBuildFile; fileRef = 569B871F1F7AB718006CF202 /* LaunchScreen.storyboard */; };
		56A63A971F7D74E800075968 /* MapKit.framework in Frameworks */ = {isa = PBXBuildFile; fileRef = 56A63A961F7D74E800075968 /* MapKit.framework */; };
		56A63A991F7D75BE00075968 /* MapViewController.swift in Sources */ = {isa = PBXBuildFile; fileRef = 56A63A981F7D75BE00075968 /* MapViewController.swift */; };
/* End PBXBuildFile section */

/* Begin PBXFileReference section */
		569B87131F7AB718006CF202 /* Find-Coordinates.app */ = {isa = PBXFileReference; explicitFileType = wrapper.application; includeInIndex = 0; path = "Find-Coordinates.app"; sourceTree = BUILT_PRODUCTS_DIR; };
		569B87161F7AB718006CF202 /* AppDelegate.swift */ = {isa = PBXFileReference; lastKnownFileType = sourcecode.swift; path = AppDelegate.swift; sourceTree = "<group>"; };
		569B87181F7AB718006CF202 /* ViewController.swift */ = {isa = PBXFileReference; lastKnownFileType = sourcecode.swift; path = ViewController.swift; sourceTree = "<group>"; };
		569B871B1F7AB718006CF202 /* Base */ = {isa = PBXFileReference; lastKnownFileType = file.storyboard; name = Base; path = Base.lproj/Main.storyboard; sourceTree = "<group>"; };
		569B871D1F7AB718006CF202 /* Assets.xcassets */ = {isa = PBXFileReference; lastKnownFileType = folder.assetcatalog; path = Assets.xcassets; sourceTree = "<group>"; };
		569B87201F7AB718006CF202 /* Base */ = {isa = PBXFileReference; lastKnownFileType = file.storyboard; name = Base; path = Base.lproj/LaunchScreen.storyboard; sourceTree = "<group>"; };
		569B87221F7AB718006CF202 /* Info.plist */ = {isa = PBXFileReference; lastKnownFileType = text.plist.xml; path = Info.plist; sourceTree = "<group>"; };
		56A63A961F7D74E800075968 /* MapKit.framework */ = {isa = PBXFileReference; lastKnownFileType = wrapper.framework; name = MapKit.framework; path = System/Library/Frameworks/MapKit.framework; sourceTree = SDKROOT; };
		56A63A981F7D75BE00075968 /* MapViewController.swift */ = {isa = PBXFileReference; lastKnownFileType = sourcecode.swift; path = MapViewController.swift; sourceTree = "<group>"; };
/* End PBXFileReference section */

/* Begin PBXFrameworksBuildPhase section */
		569B87101F7AB718006CF202 /* Frameworks */ = {
			isa = PBXFrameworksBuildPhase;
			buildActionMask = 2147483647;
			files = (
				56A63A971F7D74E800075968 /* MapKit.framework in Frameworks */,
			);
			runOnlyForDeploymentPostprocessing = 0;
		};
/* End PBXFrameworksBuildPhase section */

/* Begin PBXGroup section */
		569B870A1F7AB718006CF202 = {
			isa = PBXGroup;
			children = (
				569B87151F7AB718006CF202 /* Find-Coordinates */,
				569B87141F7AB718006CF202 /* Products */,
				56A63A951F7D74E800075968 /* Frameworks */,
			);
			sourceTree = "<group>";
		};
		569B87141F7AB718006CF202 /* Products */ = {
			isa = PBXGroup;
			children = (
				569B87131F7AB718006CF202 /* Find-Coordinates.app */,
			);
			name = Products;
			sourceTree = "<group>";
		};
		569B87151F7AB718006CF202 /* Find-Coordinates */ = {
			isa = PBXGroup;
			children = (
				569B87161F7AB718006CF202 /* AppDelegate.swift */,
				569B87181F7AB718006CF202 /* ViewController.swift */,
				56A63A981F7D75BE00075968 /* MapViewController.swift */,
				569B871A1F7AB718006CF202 /* Main.storyboard */,
				569B871D1F7AB718006CF202 /* Assets.xcassets */,
				569B871F1F7AB718006CF202 /* LaunchScreen.storyboard */,
				569B87221F7AB718006CF202 /* Info.plist */,
			);
			path = "Find-Coordinates";
			sourceTree = "<group>";
		};
		56A63A951F7D74E800075968 /* Frameworks */ = {
			isa = PBXGroup;
			children = (
				56A63A961F7D74E800075968 /* MapKit.framework */,
			);
			name = Frameworks;
			sourceTree = "<group>";
		};
/* End PBXGroup section */

/* Begin PBXNativeTarget section */
		569B87121F7AB718006CF202 /* Find-Coordinates */ = {
			isa = PBXNativeTarget;
			buildConfigurationList = 569B87251F7AB718006CF202 /* Build configuration list for PBXNativeTarget "Find-Coordinates" */;
			buildPhases = (
				569B870F1F7AB718006CF202 /* Sources */,
				569B87101F7AB718006CF202 /* Frameworks */,
				569B87111F7AB718006CF202 /* Resources */,
			);
			buildRules = (
			);
			dependencies = (
			);
			name = "Find-Coordinates";
			productName = "Take-Home_Lab2_Team2";
			productReference = 569B87131F7AB718006CF202 /* Find-Coordinates.app */;
			productType = "com.apple.product-type.application";
		};
/* End PBXNativeTarget section */

/* Begin PBXProject section */
		569B870B1F7AB718006CF202 /* Project object */ = {
			isa = PBXProject;
			attributes = {
				LastSwiftUpdateCheck = 0830;
				LastUpgradeCheck = 0900;
				ORGANIZATIONNAME = uhd;
				TargetAttributes = {
					569B87121F7AB718006CF202 = {
						CreatedOnToolsVersion = 8.3.3;
						LastSwiftMigration = 0900;
						ProvisioningStyle = Automatic;
					};
				};
			};
			buildConfigurationList = 569B870E1F7AB718006CF202 /* Build configuration list for PBXProject "Find-Coordinates" */;
			compatibilityVersion = "Xcode 3.2";
			developmentRegion = English;
			hasScannedForEncodings = 0;
			knownRegions = (
				en,
				Base,
			);
			mainGroup = 569B870A1F7AB718006CF202;
			productRefGroup = 569B87141F7AB718006CF202 /* Products */;
			projectDirPath = "";
			projectRoot = "";
			targets = (
				569B87121F7AB718006CF202 /* Find-Coordinates */,
			);
		};
/* End PBXProject section */

/* Begin PBXResourcesBuildPhase section */
		569B87111F7AB718006CF202 /* Resources */ = {
			isa = PBXResourcesBuildPhase;
			buildActionMask = 2147483647;
			files = (
				569B87211F7AB718006CF202 /* LaunchScreen.storyboard in Resources */,
				569B871E1F7AB718006CF202 /* Assets.xcassets in Resources */,
				569B871C1F7AB718006CF202 /* Main.storyboard in Resources */,
			);
			runOnlyForDeploymentPostprocessing = 0;
		};
/* End PBXResourcesBuildPhase section */

/* Begin PBXSourcesBuildPhase section */
		569B870F1F7AB718006CF202 /* Sources */ = {
			isa = PBXSourcesBuildPhase;
			buildActionMask = 2147483647;
			files = (
				569B87191F7AB718006CF202 /* ViewController.swift in Sources */,
				56A63A991F7D75BE00075968 /* MapViewController.swift in Sources */,
				569B87171F7AB718006CF202 /* AppDelegate.swift in Sources */,
			);
			runOnlyForDeploymentPostprocessing = 0;
		};
/* End PBXSourcesBuildPhase section */

/* Begin PBXVariantGroup section */
		569B871A1F7AB718006CF202 /* Main.storyboard */ = {
			isa = PBXVariantGroup;
			children = (
				569B871B1F7AB718006CF202 /* Base */,
			);
			name = Main.storyboard;
			sourceTree = "<group>";
		};
		569B871F1F7AB718006CF202 /* LaunchScreen.storyboard */ = {
			isa = PBXVariantGroup;
			children = (
				569B87201F7AB718006CF202 /* Base */,
			);
			name = LaunchScreen.storyboard;
			sourceTree = "<group>";
		};
/* End PBXVariantGroup section */

/* Begin XCBuildConfiguration section */
		569B87231F7AB718006CF202 /* Debug */ = {
			isa = XCBuildConfiguration;
			buildSettings = {
				ALWAYS_SEARCH_USER_PATHS = NO;
				CLANG_ANALYZER_NONNULL = YES;
				CLANG_ANALYZER_NUMBER_OBJECT_CONVERSION = YES_AGGRESSIVE;
				CLANG_CXX_LANGUAGE_STANDARD = "gnu++0x";
				CLANG_CXX_LIBRARY = "libc++";
				CLANG_ENABLE_MODULES = YES;
				CLANG_ENABLE_OBJC_ARC = YES;
				CLANG_WARN_BLOCK_CAPTURE_AUTORELEASING = YES;
				CLANG_WARN_BOOL_CONVERSION = YES;
				CLANG_WARN_COMMA = YES;
				CLANG_WARN_CONSTANT_CONVERSION = YES;
				CLANG_WARN_DIRECT_OBJC_ISA_USAGE = YES_ERROR;
				CLANG_WARN_DOCUMENTATION_COMMENTS = YES;
				CLANG_WARN_EMPTY_BODY = YES;
				CLANG_WARN_ENUM_CONVERSION = YES;
				CLANG_WARN_INFINITE_RECURSION = YES;
				CLANG_WARN_INT_CONVERSION = YES;
				CLANG_WARN_NON_LITERAL_NULL_CONVERSION = YES;
				CLANG_WARN_OBJC_LITERAL_CONVERSION = YES;
				CLANG_WARN_OBJC_ROOT_CLASS = YES_ERROR;
				CLANG_WARN_RANGE_LOOP_ANALYSIS = YES;
				CLANG_WARN_STRICT_PROTOTYPES = YES;
				CLANG_WARN_SUSPICIOUS_MOVE = YES;
				CLANG_WARN_UNREACHABLE_CODE = YES;
				CLANG_WARN__DUPLICATE_METHOD_MATCH = YES;
				"CODE_SIGN_IDENTITY[sdk=iphoneos*]" = "iPhone Developer";
				COPY_PHASE_STRIP = NO;
				DEBUG_INFORMATION_FORMAT = dwarf;
				ENABLE_STRICT_OBJC_MSGSEND = YES;
				ENABLE_TESTABILITY = YES;
				GCC_C_LANGUAGE_STANDARD = gnu99;
				GCC_DYNAMIC_NO_PIC = NO;
				GCC_NO_COMMON_BLOCKS = YES;
				GCC_OPTIMIZATION_LEVEL = 0;
				GCC_PREPROCESSOR_DEFINITIONS = (
					"DEBUG=1",
					"$(inherited)",
				);
				GCC_WARN_64_TO_32_BIT_CONVERSION = YES;
				GCC_WARN_ABOUT_RETURN_TYPE = YES_ERROR;
				GCC_WARN_UNDECLARED_SELECTOR = YES;
				GCC_WARN_UNINITIALIZED_AUTOS = YES_AGGRESSIVE;
				GCC_WARN_UNUSED_FUNCTION = YES;
				GCC_WARN_UNUSED_VARIABLE = YES;
				IPHONEOS_DEPLOYMENT_TARGET = 10.3;
				MTL_ENABLE_DEBUG_INFO = YES;
				ONLY_ACTIVE_ARCH = YES;
				SDKROOT = iphoneos;
				SWIFT_ACTIVE_COMPILATION_CONDITIONS = DEBUG;
				SWIFT_OPTIMIZATION_LEVEL = "-Onone";
				TARGETED_DEVICE_FAMILY = "1,2";
			};
			name = Debug;
		};
		569B87241F7AB718006CF202 /* Release */ = {
			isa = XCBuildConfiguration;
			buildSettings = {
				ALWAYS_SEARCH_USER_PATHS = NO;
				CLANG_ANALYZER_NONNULL = YES;
				CLANG_ANALYZER_NUMBER_OBJECT_CONVERSION = YES_AGGRESSIVE;
				CLANG_CXX_LANGUAGE_STANDARD = "gnu++0x";
				CLANG_CXX_LIBRARY = "libc++";
				CLANG_ENABLE_MODULES = YES;
				CLANG_ENABLE_OBJC_ARC = YES;
				CLANG_WARN_BLOCK_CAPTURE_AUTORELEASING = YES;
				CLANG_WARN_BOOL_CONVERSION = YES;
				CLANG_WARN_COMMA = YES;
				CLANG_WARN_CONSTANT_CONVERSION = YES;
				CLANG_WARN_DIRECT_OBJC_ISA_USAGE = YES_ERROR;
				CLANG_WARN_DOCUMENTATION_COMMENTS = YES;
				CLANG_WARN_EMPTY_BODY = YES;
				CLANG_WARN_ENUM_CONVERSION = YES;
				CLANG_WARN_INFINITE_RECURSION = YES;
				CLANG_WARN_INT_CONVERSION = YES;
				CLANG_WARN_NON_LITERAL_NULL_CONVERSION = YES;
				CLANG_WARN_OBJC_LITERAL_CONVERSION = YES;
				CLANG_WARN_OBJC_ROOT_CLASS = YES_ERROR;
				CLANG_WARN_RANGE_LOOP_ANALYSIS = YES;
				CLANG_WARN_STRICT_PROTOTYPES = YES;
				CLANG_WARN_SUSPICIOUS_MOVE = YES;
				CLANG_WARN_UNREACHABLE_CODE = YES;
				CLANG_WARN__DUPLICATE_METHOD_MATCH = YES;
				"CODE_SIGN_IDENTITY[sdk=iphoneos*]" = "iPhone Developer";
				COPY_PHASE_STRIP = NO;
				DEBUG_INFORMATION_FORMAT = "dwarf-with-dsym";
				ENABLE_NS_ASSERTIONS = NO;
				ENABLE_STRICT_OBJC_MSGSEND = YES;
				GCC_C_LANGUAGE_STANDARD = gnu99;
				GCC_NO_COMMON_BLOCKS = YES;
				GCC_WARN_64_TO_32_BIT_CONVERSION = YES;
				GCC_WARN_ABOUT_RETURN_TYPE = YES_ERROR;
				GCC_WARN_UNDECLARED_SELECTOR = YES;
				GCC_WARN_UNINITIALIZED_AUTOS = YES_AGGRESSIVE;
				GCC_WARN_UNUSED_FUNCTION = YES;
				GCC_WARN_UNUSED_VARIABLE = YES;
				IPHONEOS_DEPLOYMENT_TARGET = 10.3;
				MTL_ENABLE_DEBUG_INFO = NO;
				SDKROOT = iphoneos;
				SWIFT_OPTIMIZATION_LEVEL = "-Owholemodule";
				TARGETED_DEVICE_FAMILY = "1,2";
				VALIDATE_PRODUCT = YES;
			};
			name = Release;
		};
		569B87261F7AB718006CF202 /* Debug */ = {
			isa = XCBuildConfiguration;
			buildSettings = {
				ASSETCATALOG_COMPILER_APPICON_NAME = AppIcon;
				INFOPLIST_FILE = "Take-Home_Lab2_Team2/Info.plist";
				LD_RUNPATH_SEARCH_PATHS = "$(inherited) @executable_path/Frameworks";
				PRODUCT_BUNDLE_IDENTIFIER = "com.uhd.Take-Home-Lab2-Team2";
				PRODUCT_NAME = "$(TARGET_NAME)";
				SWIFT_SWIFT3_OBJC_INFERENCE = On;
				SWIFT_VERSION = 4.0;
			};
			name = Debug;
		};
		569B87271F7AB718006CF202 /* Release */ = {
			isa = XCBuildConfiguration;
			buildSettings = {
				ASSETCATALOG_COMPILER_APPICON_NAME = AppIcon;
				INFOPLIST_FILE = "Take-Home_Lab2_Team2/Info.plist";
				LD_RUNPATH_SEARCH_PATHS = "$(inherited) @executable_path/Frameworks";
				PRODUCT_BUNDLE_IDENTIFIER = "com.uhd.Take-Home-Lab2-Team2";
				PRODUCT_NAME = "$(TARGET_NAME)";
				SWIFT_SWIFT3_OBJC_INFERENCE = On;
				SWIFT_VERSION = 4.0;
			};
			name = Release;
		};
/* End XCBuildConfiguration section */

/* Begin XCConfigurationList section */
		569B870E1F7AB718006CF202 /* Build configuration list for PBXProject "Find-Coordinates" */ = {
			isa = XCConfigurationList;
			buildConfigurations = (
				569B87231F7AB718006CF202 /* Debug */,
				569B87241F7AB718006CF202 /* Release */,
			);
			defaultConfigurationIsVisible = 0;
			defaultConfigurationName = Release;
		};
		569B87251F7AB718006CF202 /* Build configuration list for PBXNativeTarget "Find-Coordinates" */ = {
			isa = XCConfigurationList;
			buildConfigurations = (
				569B87261F7AB718006CF202 /* Debug */,
				569B87271F7AB718006CF202 /* Release */,
			);
			defaultConfigurationIsVisible = 0;
			defaultConfigurationName = Release;
		};
/* End XCConfigurationList section */
	};
	rootObject = 569B870B1F7AB718006CF202 /* Project object */;
}
